
Microsoft Visual Studio Solution File, Format Version 11.00
# Visual Studio 2010
Project("{FAE04EC0-301F-11D3-BF4B-00C04F79EFBC}") = "TestGame", "TestGame\TestGame.csproj", "{6915FEE8-8ADA-4221-859F-71D767BD56FD}"
EndProject
Global
	GlobalSection(SolutionConfigurationPlatforms) = preSolution
		Debug|iPhoneSimulator = Debug|iPhoneSimulator
		Release|iPhoneSimulator = Release|iPhoneSimulator
		Debug|iPhone = Debug|iPhone
		Release|iPhone = Release|iPhone
		Ad-Hoc|iPhone = Ad-Hoc|iPhone
		AppStore|iPhone = AppStore|iPhone
	EndGlobalSection
	GlobalSection(ProjectConfigurationPlatforms) = postSolution
		{6915FEE8-8ADA-4221-859F-71D767BD56FD}.Ad-Hoc|iPhone.ActiveCfg = Ad-Hoc|iPhone
		{6915FEE8-8ADA-4221-859F-71D767BD56FD}.Ad-Hoc|iPhone.Build.0 = Ad-Hoc|iPhone
		{6915FEE8-8ADA-4221-859F-71D767BD56FD}.AppStore|iPhone.ActiveCfg = AppStore|iPhone
		{6915FEE8-8ADA-4221-859F-71D767BD56FD}.AppStore|iPhone.Build.0 = AppStore|iPhone
		{6915FEE8-8ADA-4221-859F-71D767BD56FD}.Debug|iPhone.ActiveCfg = Debug|iPhone
		{6915FEE8-8ADA-4221-859F-71D767BD56FD}.Debug|iPhone.Build.0 = Debug|iPhone
		{6915FEE8-8ADA-4221-859F-71D767BD56FD}.Debug|iPhoneSimulator.ActiveCfg = Debug|iPhoneSimulator
		{6915FEE8-8ADA-4221-859F-71D767BD56FD}.Debug|iPhoneSimulator.Build.0 = Debug|iPhoneSimulator
		{6915FEE8-8ADA-4221-859F-71D767BD56FD}.Release|iPhone.ActiveCfg = Release|iPhone
		{6915FEE8-8ADA-4221-859F-71D767BD56FD}.Release|iPhone.Build.0 = Release|iPhone
		{6915FEE8-8ADA-4221-859F-71D767BD56FD}.Release|iPhoneSimulator.ActiveCfg = Release|iPhoneSimulator
		{6915FEE8-8ADA-4221-859F-71D767BD56FD}.Release|iPhoneSimulator.Build.0 = Release|iPhoneSimulator
	EndGlobalSection
	GlobalSection(MonoDevelopProperties) = preSolution
		StartupItem = TestGame\TestGame.csproj
	EndGlobalSection
EndGlobal
